
Microsoft Visual Studio Solution File, Format Version 12.00
# Visual Studio 15
VisualStudioVersion = 15.0.28010.2050
MinimumVisualStudioVersion = 10.0.40219.1
Project("{FAE04EC0-301F-11D3-BF4B-00C04F79EFBC}") = "Biologia", "Biologia\Biologia.csproj", "{EE1BDCB5-FD6E-483D-945A-5E207D88C717}"
EndProject
Global
	GlobalSection(SolutionConfigurationPlatforms) = preSolution
		Debug|Any CPU = Debug|Any CPU
		Release|Any CPU = Release|Any CPU
	EndGlobalSection
	GlobalSection(ProjectConfigurationPlatforms) = postSolution
		{EE1BDCB5-FD6E-483D-945A-5E207D88C717}.Debug|Any CPU.ActiveCfg = Debug|Any CPU
		{EE1BDCB5-FD6E-483D-945A-5E207D88C717}.Debug|Any CPU.Build.0 = Debug|Any CPU
		{EE1BDCB5-FD6E-483D-945A-5E207D88C717}.Release|Any CPU.ActiveCfg = Release|Any CPU
		{EE1BDCB5-FD6E-483D-945A-5E207D88C717}.Release|Any CPU.Build.0 = Release|Any CPU
	EndGlobalSection
	GlobalSection(SolutionProperties) = preSolution
		HideSolutionNode = FALSE
	EndGlobalSection
	GlobalSection(ExtensibilityGlobals) = postSolution
		SolutionGuid = {B8231F0B-FC5B-47DB-A340-80EE699B7BAE}
	EndGlobalSection
EndGlobal
